# This file is automatically @generated by Cargo.
# It is not intended for manual editing.
[[package]]
name = "linked-hash-map"
version = "0.5.3"
source = "registry+https://github.com/rust-lang/crates.io-index"

[[package]]
name = "panbuild"
version = "0.1.0"
dependencies = [
 "yaml-rust 0.4.4 (registry+https://github.com/rust-lang/crates.io-index)",
]

[[package]]
name = "yaml-rust"
version = "0.4.4"
source = "registry+https://github.com/rust-lang/crates.io-index"
dependencies = [
 "linked-hash-map 0.5.3 (registry+https://github.com/rust-lang/crates.io-index)",
]

[metadata]
"checksum linked-hash-map 0.5.3 (registry+https://github.com/rust-lang/crates.io-index)" = "8dd5a6d5999d9907cda8ed67bbd137d3af8085216c2ac62de5be860bd41f304a"
"checksum yaml-rust 0.4.4 (registry+https://github.com/rust-lang/crates.io-index)" = "39f0c922f1a334134dc2f7a8b67dc5d25f0735263feec974345ff706bcf20b0d"
